
Microsoft Visual Studio Solution File, Format Version 12.00
# Visual Studio 15
VisualStudioVersion = 15.0.28307.645
MinimumVisualStudioVersion = 10.0.40219.1
Project("{FAE04EC0-301F-11D3-BF4B-00C04F79EFBC}") = "CACI.Convertor.ConsoleApp", "CACI-BinaryStringToIntConvertorApplication\CACI.Convertor.ConsoleApp.csproj", "{01D13D8A-7F15-4CF2-9CBC-C04B28370EF9}"
EndProject
Project("{FAE04EC0-301F-11D3-BF4B-00C04F79EFBC}") = "CACI-Lib", "CACI-Lib\CACI-Lib.csproj", "{77EF0427-B356-4220-AA50-1F1369ADADBA}"
EndProject
Project("{FAE04EC0-301F-11D3-BF4B-00C04F79EFBC}") = "CACI.Convertors.Tests", "CACI.Convertors.Tests\CACI.Convertors.Tests.csproj", "{5C505DF5-5FAC-4C92-B725-5698DFA58F75}"
EndProject
Global
	GlobalSection(SolutionConfigurationPlatforms) = preSolution
		Debug|Any CPU = Debug|Any CPU
		Release|Any CPU = Release|Any CPU
	EndGlobalSection
	GlobalSection(ProjectConfigurationPlatforms) = postSolution
		{01D13D8A-7F15-4CF2-9CBC-C04B28370EF9}.Debug|Any CPU.ActiveCfg = Debug|Any CPU
		{01D13D8A-7F15-4CF2-9CBC-C04B28370EF9}.Debug|Any CPU.Build.0 = Debug|Any CPU
		{01D13D8A-7F15-4CF2-9CBC-C04B28370EF9}.Release|Any CPU.ActiveCfg = Release|Any CPU
		{01D13D8A-7F15-4CF2-9CBC-C04B28370EF9}.Release|Any CPU.Build.0 = Release|Any CPU
		{77EF0427-B356-4220-AA50-1F1369ADADBA}.Debug|Any CPU.ActiveCfg = Debug|Any CPU
		{77EF0427-B356-4220-AA50-1F1369ADADBA}.Debug|Any CPU.Build.0 = Debug|Any CPU
		{77EF0427-B356-4220-AA50-1F1369ADADBA}.Release|Any CPU.ActiveCfg = Release|Any CPU
		{77EF0427-B356-4220-AA50-1F1369ADADBA}.Release|Any CPU.Build.0 = Release|Any CPU
		{5C505DF5-5FAC-4C92-B725-5698DFA58F75}.Debug|Any CPU.ActiveCfg = Debug|Any CPU
		{5C505DF5-5FAC-4C92-B725-5698DFA58F75}.Debug|Any CPU.Build.0 = Debug|Any CPU
		{5C505DF5-5FAC-4C92-B725-5698DFA58F75}.Release|Any CPU.ActiveCfg = Release|Any CPU
		{5C505DF5-5FAC-4C92-B725-5698DFA58F75}.Release|Any CPU.Build.0 = Release|Any CPU
	EndGlobalSection
	GlobalSection(SolutionProperties) = preSolution
		HideSolutionNode = FALSE
	EndGlobalSection
	GlobalSection(ExtensibilityGlobals) = postSolution
		SolutionGuid = {A1B60084-B72E-401E-AC04-8C6EE24E1925}
	EndGlobalSection
EndGlobal
